
Microsoft Visual Studio Solution File, Format Version 12.00
# Visual Studio Version 16
VisualStudioVersion = 16.0.29709.97
MinimumVisualStudioVersion = 10.0.40219.1
Project("{9A19103F-16F7-4668-BE54-9A1E7A4F7556}") = "Utilities", "Utilities\Utilities.csproj", "{EA48103F-8C9A-43AF-8903-E57B29D6804F}"
EndProject
Project("{FAE04EC0-301F-11D3-BF4B-00C04F79EFBC}") = "Constants", "Constants\Constants.csproj", "{EDDA8BF0-D53B-4D81-B9F5-8BD460F3FD9D}"
EndProject
Global
	GlobalSection(SolutionConfigurationPlatforms) = preSolution
		Debug|Any CPU = Debug|Any CPU
		Release|Any CPU = Release|Any CPU
	EndGlobalSection
	GlobalSection(ProjectConfigurationPlatforms) = postSolution
		{EA48103F-8C9A-43AF-8903-E57B29D6804F}.Debug|Any CPU.ActiveCfg = Debug|Any CPU
		{EA48103F-8C9A-43AF-8903-E57B29D6804F}.Debug|Any CPU.Build.0 = Debug|Any CPU
		{EA48103F-8C9A-43AF-8903-E57B29D6804F}.Release|Any CPU.ActiveCfg = Release|Any CPU
		{EA48103F-8C9A-43AF-8903-E57B29D6804F}.Release|Any CPU.Build.0 = Release|Any CPU
		{EDDA8BF0-D53B-4D81-B9F5-8BD460F3FD9D}.Debug|Any CPU.ActiveCfg = Debug|Any CPU
		{EDDA8BF0-D53B-4D81-B9F5-8BD460F3FD9D}.Debug|Any CPU.Build.0 = Debug|Any CPU
		{EDDA8BF0-D53B-4D81-B9F5-8BD460F3FD9D}.Release|Any CPU.ActiveCfg = Release|Any CPU
		{EDDA8BF0-D53B-4D81-B9F5-8BD460F3FD9D}.Release|Any CPU.Build.0 = Release|Any CPU
	EndGlobalSection
	GlobalSection(SolutionProperties) = preSolution
		HideSolutionNode = FALSE
	EndGlobalSection
	GlobalSection(ExtensibilityGlobals) = postSolution
		SolutionGuid = {FB05EFF7-A5EE-4871-87C6-A5AF2F320759}
	EndGlobalSection
EndGlobal
